
Microsoft Visual Studio Solution File, Format Version 12.00
# Visual Studio 2013
VisualStudioVersion = 12.0.40629.0
MinimumVisualStudioVersion = 10.0.40219.1
Project("{FAE04EC0-301F-11D3-BF4B-00C04F79EFBC}") = "DAL", "DAL\DAL.csproj", "{28C4B130-5B98-415E-A7DF-3BDDCFECF928}"
EndProject
Project("{FAE04EC0-301F-11D3-BF4B-00C04F79EFBC}") = "BLL", "BLL\BLL.csproj", "{D589F09B-C8D2-4AB5-BE53-B05426A6B033}"
EndProject
Project("{FAE04EC0-301F-11D3-BF4B-00C04F79EFBC}") = "EnumModels", "EnumModels\EnumModels.csproj", "{16EC2B09-A71D-4B5B-BB62-19CFC0929F22}"
EndProject
Project("{FAE04EC0-301F-11D3-BF4B-00C04F79EFBC}") = "UI", "UI\UI.csproj", "{19D5CB12-AA16-41BD-8D2F-B49653589599}"
EndProject
Global
	GlobalSection(SolutionConfigurationPlatforms) = preSolution
		Debug|Any CPU = Debug|Any CPU
		Release|Any CPU = Release|Any CPU
	EndGlobalSection
	GlobalSection(ProjectConfigurationPlatforms) = postSolution
		{28C4B130-5B98-415E-A7DF-3BDDCFECF928}.Debug|Any CPU.ActiveCfg = Debug|Any CPU
		{28C4B130-5B98-415E-A7DF-3BDDCFECF928}.Debug|Any CPU.Build.0 = Debug|Any CPU
		{28C4B130-5B98-415E-A7DF-3BDDCFECF928}.Release|Any CPU.ActiveCfg = Release|Any CPU
		{28C4B130-5B98-415E-A7DF-3BDDCFECF928}.Release|Any CPU.Build.0 = Release|Any CPU
		{D589F09B-C8D2-4AB5-BE53-B05426A6B033}.Debug|Any CPU.ActiveCfg = Debug|Any CPU
		{D589F09B-C8D2-4AB5-BE53-B05426A6B033}.Debug|Any CPU.Build.0 = Debug|Any CPU
		{D589F09B-C8D2-4AB5-BE53-B05426A6B033}.Release|Any CPU.ActiveCfg = Release|Any CPU
		{D589F09B-C8D2-4AB5-BE53-B05426A6B033}.Release|Any CPU.Build.0 = Release|Any CPU
		{16EC2B09-A71D-4B5B-BB62-19CFC0929F22}.Debug|Any CPU.ActiveCfg = Debug|Any CPU
		{16EC2B09-A71D-4B5B-BB62-19CFC0929F22}.Debug|Any CPU.Build.0 = Debug|Any CPU
		{16EC2B09-A71D-4B5B-BB62-19CFC0929F22}.Release|Any CPU.ActiveCfg = Release|Any CPU
		{16EC2B09-A71D-4B5B-BB62-19CFC0929F22}.Release|Any CPU.Build.0 = Release|Any CPU
		{19D5CB12-AA16-41BD-8D2F-B49653589599}.Debug|Any CPU.ActiveCfg = Debug|Any CPU
		{19D5CB12-AA16-41BD-8D2F-B49653589599}.Debug|Any CPU.Build.0 = Debug|Any CPU
		{19D5CB12-AA16-41BD-8D2F-B49653589599}.Release|Any CPU.ActiveCfg = Release|Any CPU
		{19D5CB12-AA16-41BD-8D2F-B49653589599}.Release|Any CPU.Build.0 = Release|Any CPU
	EndGlobalSection
	GlobalSection(SolutionProperties) = preSolution
		HideSolutionNode = FALSE
	EndGlobalSection
EndGlobal
